langcode: en
status: true
dependencies:
  config:
    - core.entity_view_mode.paragraph.block
    - field.field.paragraph.card.field_description
    - field.field.paragraph.card.field_heading
    - field.field.paragraph.card.field_image
    - field.field.paragraph.card.field_link
    - paragraphs.paragraphs_type.card
  module:
    - layout_builder
    - link
    - text
third_party_settings:
  layout_builder:
    allow_custom: false
    enabled: false
id: paragraph.card.block
targetEntityType: paragraph
bundle: card
mode: block
content:
  field_description:
    weight: 2
    label: hidden
    settings: {  }
    third_party_settings: {  }
    type: text_default
    region: content
  field_heading:
    weight: 1
    label: hidden
    settings:
      link_to_entity: false
    third_party_settings: {  }
    type: string
    region: content
  field_image:
    type: entity_reference_entity_view
    weight: 0
    label: hidden
    settings:
      view_mode: default
      link: false
    third_party_settings: {  }
    region: content
  field_link:
    type: link
    weight: 3
    region: content
    label: hidden
    settings:
      trim_length: 80
      url_only: false
      url_plain: false
      rel: ''
      target: ''
    third_party_settings: {  }
hidden: {  }
